{
  "name": "PhlexEview3.Web",
  "version": "5.0.0",
  "lockfileVersion": 1,
  "requires": true,
  "dependencies": {
    "core": {
      "version": "file:Scripts/Custom/Core"
    },
    "noVersion": {
      "version": "file:Scripts/Custom/noVersion",
      "requires": {
        "shadowizardy": "1.0.0"
      }
    },
    "normal-dep": {
      "version": "file:Scripts/Custom/normal-dep",
      "requires": {
        "q": "^1.5.1"
      }
    },
    "q": {
      "version": "1.5.1",
      "resolved": "https://registry.npmjs.org/q/-/q-1.5.1.tgz",
      "integrity": "sha1-fjL3W0E4EpHQRhHxvxQQmsAGUdc="
    },
    "shadowizardy": {
      "version": "1.0.0",
      "resolved": "https://registry.npmjs.org/shadowizardy/-/shadowizardy-1.0.0.tgz",
      "integrity": "sha512-YyoVxgRfm+g4SZv5IW0f1PepuYCuP59vOsW3NLOxin7o8w7Yn/MCDGWRvhbtJGG2k6gqXcPNy8F7hCqG/qMBFg=="
    }
  }
}
